
Microsoft Visual Studio Solution File, Format Version 12.00
# Visual Studio Version 16
VisualStudioVersion = 16.0.30308.118
MinimumVisualStudioVersion = 10.0.40219.1
Project("{FAE04EC0-301F-11D3-BF4B-00C04F79EFBC}") = "DummyProject", "DummyProject\DummyProject.csproj", "{651ECC56-6B64-4479-8576-A2FBEC06F6F4}"
EndProject
Global
	GlobalSection(SolutionConfigurationPlatforms) = preSolution
		Debug|Any CPU = Debug|Any CPU
		Release|Any CPU = Release|Any CPU
	EndGlobalSection
	GlobalSection(ProjectConfigurationPlatforms) = postSolution
		{651ECC56-6B64-4479-8576-A2FBEC06F6F4}.Debug|Any CPU.ActiveCfg = Debug|Any CPU
		{651ECC56-6B64-4479-8576-A2FBEC06F6F4}.Debug|Any CPU.Build.0 = Debug|Any CPU
		{651ECC56-6B64-4479-8576-A2FBEC06F6F4}.Release|Any CPU.ActiveCfg = Release|Any CPU
		{651ECC56-6B64-4479-8576-A2FBEC06F6F4}.Release|Any CPU.Build.0 = Release|Any CPU
	EndGlobalSection
	GlobalSection(SolutionProperties) = preSolution
		HideSolutionNode = FALSE
	EndGlobalSection
	GlobalSection(ExtensibilityGlobals) = postSolution
		SolutionGuid = {963B9F96-BAA1-46B8-9852-A7D36567D2B9}
	EndGlobalSection
EndGlobal
